
Microsoft Visual Studio Solution File, Format Version 12.00
# Visual Studio 15
VisualStudioVersion = 15.0.28307.1321
MinimumVisualStudioVersion = 10.0.40219.1
Project("{FAE04EC0-301F-11D3-BF4B-00C04F79EFBC}") = "Chalice", "..\Chalice\Chalice.csproj", "{C012876F-F613-441C-A365-2911EDA98237}"
EndProject
Project("{FAE04EC0-301F-11D3-BF4B-00C04F79EFBC}") = "ChaliceLibrary", "ChaliceLibrary\ChaliceLibrary.csproj", "{1DB04084-F91A-48F6-A944-F95A7D399175}"
EndProject
Global
	GlobalSection(SolutionConfigurationPlatforms) = preSolution
		Debug|Any CPU = Debug|Any CPU
		Release|Any CPU = Release|Any CPU
	EndGlobalSection
	GlobalSection(ProjectConfigurationPlatforms) = postSolution
		{C012876F-F613-441C-A365-2911EDA98237}.Debug|Any CPU.ActiveCfg = Debug|Any CPU
		{C012876F-F613-441C-A365-2911EDA98237}.Debug|Any CPU.Build.0 = Debug|Any CPU
		{C012876F-F613-441C-A365-2911EDA98237}.Release|Any CPU.ActiveCfg = Release|Any CPU
		{C012876F-F613-441C-A365-2911EDA98237}.Release|Any CPU.Build.0 = Release|Any CPU
		{1DB04084-F91A-48F6-A944-F95A7D399175}.Debug|Any CPU.ActiveCfg = Debug|Any CPU
		{1DB04084-F91A-48F6-A944-F95A7D399175}.Debug|Any CPU.Build.0 = Debug|Any CPU
		{1DB04084-F91A-48F6-A944-F95A7D399175}.Release|Any CPU.ActiveCfg = Release|Any CPU
		{1DB04084-F91A-48F6-A944-F95A7D399175}.Release|Any CPU.Build.0 = Release|Any CPU
	EndGlobalSection
	GlobalSection(SolutionProperties) = preSolution
		HideSolutionNode = FALSE
	EndGlobalSection
	GlobalSection(ExtensibilityGlobals) = postSolution
		SolutionGuid = {12E02D1C-2444-4E36-9B0C-DD7EA077B7AE}
	EndGlobalSection
EndGlobal
